Microsoft Visual Studio Solution File, Format Version 11.00
# Visual Studio 2008

Project("{3A31BE2F-E3BC-1DBC-26E0-C19201B83809}") = "05Jumping", "Assembly-CSharp.csproj", "{1C8D8C32-D5F9-E96F-8A9B-21C0ED23DC99}"
EndProject
Global
	GlobalSection(SolutionConfigurationPlatforms) = preSolution
		Debug|Any CPU = Debug|Any CPU
		Release|Any CPU = Release|Any CPU
	EndGlobalSection
	GlobalSection(ProjectConfigurationPlatforms) = postSolution
		{1C8D8C32-D5F9-E96F-8A9B-21C0ED23DC99}.Debug|Any CPU.ActiveCfg = Debug|Any CPU
		{1C8D8C32-D5F9-E96F-8A9B-21C0ED23DC99}.Debug|Any CPU.Build.0 = Debug|Any CPU
		{1C8D8C32-D5F9-E96F-8A9B-21C0ED23DC99}.Release|Any CPU.ActiveCfg = Release|Any CPU
		{1C8D8C32-D5F9-E96F-8A9B-21C0ED23DC99}.Release|Any CPU.Build.0 = Release|Any CPU
	EndGlobalSection
	GlobalSection(SolutionProperties) = preSolution
		HideSolutionNode = FALSE
	EndGlobalSection
	GlobalSection(MonoDevelopProperties) = preSolution
		StartupItem = Assembly-CSharp.csproj
	EndGlobalSection
EndGlobal
