Microsoft Visual Studio Solution File, Format Version 11.00
# Visual Studio 2008

Project("{591D0570-B0BD-02FD-7FBE-343402F7E83E}") = "06Ducking", "Assembly-CSharp.csproj", "{BC49B685-325D-371F-6009-C017C411CFF0}"
EndProject
Global
	GlobalSection(SolutionConfigurationPlatforms) = preSolution
		Debug|Any CPU = Debug|Any CPU
		Release|Any CPU = Release|Any CPU
	EndGlobalSection
	GlobalSection(ProjectConfigurationPlatforms) = postSolution
		{BC49B685-325D-371F-6009-C017C411CFF0}.Debug|Any CPU.ActiveCfg = Debug|Any CPU
		{BC49B685-325D-371F-6009-C017C411CFF0}.Debug|Any CPU.Build.0 = Debug|Any CPU
		{BC49B685-325D-371F-6009-C017C411CFF0}.Release|Any CPU.ActiveCfg = Release|Any CPU
		{BC49B685-325D-371F-6009-C017C411CFF0}.Release|Any CPU.Build.0 = Release|Any CPU
	EndGlobalSection
	GlobalSection(SolutionProperties) = preSolution
		HideSolutionNode = FALSE
	EndGlobalSection
	GlobalSection(MonoDevelopProperties) = preSolution
		StartupItem = Assembly-CSharp.csproj
	EndGlobalSection
EndGlobal
