Microsoft Visual Studio Solution File, Format Version 11.00
# Visual Studio 2008

Project("{3FF18189-A3D4-E023-F277-AE76A4A8B927}") = "Input Manager", "Assembly-CSharp.csproj", "{73809161-0D62-F67A-E57A-12753C8D70F0}"
EndProject
Global
	GlobalSection(SolutionConfigurationPlatforms) = preSolution
		Debug|Any CPU = Debug|Any CPU
		Release|Any CPU = Release|Any CPU
	EndGlobalSection
	GlobalSection(ProjectConfigurationPlatforms) = postSolution
		{73809161-0D62-F67A-E57A-12753C8D70F0}.Debug|Any CPU.ActiveCfg = Debug|Any CPU
		{73809161-0D62-F67A-E57A-12753C8D70F0}.Debug|Any CPU.Build.0 = Debug|Any CPU
		{73809161-0D62-F67A-E57A-12753C8D70F0}.Release|Any CPU.ActiveCfg = Release|Any CPU
		{73809161-0D62-F67A-E57A-12753C8D70F0}.Release|Any CPU.Build.0 = Release|Any CPU
	EndGlobalSection
	GlobalSection(SolutionProperties) = preSolution
		HideSolutionNode = FALSE
	EndGlobalSection
	GlobalSection(MonoDevelopProperties) = preSolution
		StartupItem = Assembly-CSharp.csproj
	EndGlobalSection
EndGlobal
